// !$*UTF8*$!
{
	archiveVersion = 1;
	classes = {
	};
	objectVersion = 50;
	objects = {

/* Begin PBXBuildFile section */
		572FCE7420A74D2000B89A24 /* AppDelegate.swift in Sources */ = {isa = PBXBuildFile; fileRef = 572FCE7320A74D2000B89A24 /* AppDelegate.swift */; };
		572FCE7620A74D2000B89A24 /* ViewController.swift in Sources */ = {isa = PBXBuildFile; fileRef = 572FCE7520A74D2000B89A24 /* ViewController.swift */; };
		572FCE7920A74D2000B89A24 /* Main.storyboard in Resources */ = {isa = PBXBuildFile; fileRef = 572FCE7720A74D2000B89A24 /* Main.storyboard */; };
		572FCE7B20A74D2000B89A24 /* Assets.xcassets in Resources */ = {isa = PBXBuildFile; fileRef = 572FCE7A20A74D2000B89A24 /* Assets.xcassets */; };
		572FCE7E20A74D2000B89A24 /* LaunchScreen.storyboard in Resources */ = {isa = PBXBuildFile; fileRef = 572FCE7C20A74D2000B89A24 /* LaunchScreen.storyboard */; };
		572FCE8620A74EAC00B89A24 /* UsuarioModel.swift in Sources */ = {isa = PBXBuildFile; fileRef = 572FCE8520A74EAC00B89A24 /* UsuarioModel.swift */; };
		572FCE8E20A76D4A00B89A24 /* BancoRepository.swift in Sources */ = {isa = PBXBuildFile; fileRef = 572FCE8D20A76D4A00B89A24 /* BancoRepository.swift */; };
		572FCE9020A7713100B89A24 /* TransacaoModel.swift in Sources */ = {isa = PBXBuildFile; fileRef = 572FCE8F20A7713100B89A24 /* TransacaoModel.swift */; };
		572FCE9220A777E700B89A24 /* HomeViewController.swift in Sources */ = {isa = PBXBuildFile; fileRef = 572FCE9120A777E700B89A24 /* HomeViewController.swift */; };
		572FCE9820A7818500B89A24 /* NovaTransacaoViewController.swift in Sources */ = {isa = PBXBuildFile; fileRef = 572FCE9720A7818500B89A24 /* NovaTransacaoViewController.swift */; };
/* End PBXBuildFile section */

/* Begin PBXFileReference section */
		572FCE7020A74D2000B89A24 /* ProjetoiOSBasico.app */ = {isa = PBXFileReference; explicitFileType = wrapper.application; includeInIndex = 0; path = ProjetoiOSBasico.app; sourceTree = BUILT_PRODUCTS_DIR; };
		572FCE7320A74D2000B89A24 /* AppDelegate.swift */ = {isa = PBXFileReference; lastKnownFileType = sourcecode.swift; path = AppDelegate.swift; sourceTree = "<group>"; };
		572FCE7520A74D2000B89A24 /* ViewController.swift */ = {isa = PBXFileReference; lastKnownFileType = sourcecode.swift; path = ViewController.swift; sourceTree = "<group>"; };
		572FCE7820A74D2000B89A24 /* Base */ = {isa = PBXFileReference; lastKnownFileType = file.storyboard; name = Base; path = Base.lproj/Main.storyboard; sourceTree = "<group>"; };
		572FCE7A20A74D2000B89A24 /* Assets.xcassets */ = {isa = PBXFileReference; lastKnownFileType = folder.assetcatalog; path = Assets.xcassets; sourceTree = "<group>"; };
		572FCE7D20A74D2000B89A24 /* Base */ = {isa = PBXFileReference; lastKnownFileType = file.storyboard; name = Base; path = Base.lproj/LaunchScreen.storyboard; sourceTree = "<group>"; };
		572FCE7F20A74D2000B89A24 /* Info.plist */ = {isa = PBXFileReference; lastKnownFileType = text.plist.xml; path = Info.plist; sourceTree = "<group>"; };
		572FCE8520A74EAC00B89A24 /* UsuarioModel.swift */ = {isa = PBXFileReference; lastKnownFileType = sourcecode.swift; path = UsuarioModel.swift; sourceTree = "<group>"; };
		572FCE8D20A76D4A00B89A24 /* BancoRepository.swift */ = {isa = PBXFileReference; lastKnownFileType = sourcecode.swift; path = BancoRepository.swift; sourceTree = "<group>"; };
		572FCE8F20A7713100B89A24 /* TransacaoModel.swift */ = {isa = PBXFileReference; lastKnownFileType = sourcecode.swift; path = TransacaoModel.swift; sourceTree = "<group>"; };
		572FCE9120A777E700B89A24 /* HomeViewController.swift */ = {isa = PBXFileReference; lastKnownFileType = sourcecode.swift; path = HomeViewController.swift; sourceTree = "<group>"; };
		572FCE9720A7818500B89A24 /* NovaTransacaoViewController.swift */ = {isa = PBXFileReference; lastKnownFileType = sourcecode.swift; path = NovaTransacaoViewController.swift; sourceTree = "<group>"; };
/* End PBXFileReference section */

/* Begin PBXFrameworksBuildPhase section */
		572FCE6D20A74D2000B89A24 /* Frameworks */ = {
			isa = PBXFrameworksBuildPhase;
			buildActionMask = 2147483647;
			files = (
			);
			runOnlyForDeploymentPostprocessing = 0;
		};
/* End PBXFrameworksBuildPhase section */

/* Begin PBXGroup section */
		572FCE6720A74D2000B89A24 = {
			isa = PBXGroup;
			children = (
				572FCE7220A74D2000B89A24 /* ProjetoiOSBasico */,
				572FCE7120A74D2000B89A24 /* Products */,
			);
			sourceTree = "<group>";
		};
		572FCE7120A74D2000B89A24 /* Products */ = {
			isa = PBXGroup;
			children = (
				572FCE7020A74D2000B89A24 /* ProjetoiOSBasico.app */,
			);
			name = Products;
			sourceTree = "<group>";
		};
		572FCE7220A74D2000B89A24 /* ProjetoiOSBasico */ = {
			isa = PBXGroup;
			children = (
				572FCE7320A74D2000B89A24 /* AppDelegate.swift */,
				572FCE7520A74D2000B89A24 /* ViewController.swift */,
				572FCE7720A74D2000B89A24 /* Main.storyboard */,
				572FCE7A20A74D2000B89A24 /* Assets.xcassets */,
				572FCE7C20A74D2000B89A24 /* LaunchScreen.storyboard */,
				572FCE7F20A74D2000B89A24 /* Info.plist */,
				572FCE8520A74EAC00B89A24 /* UsuarioModel.swift */,
				572FCE8D20A76D4A00B89A24 /* BancoRepository.swift */,
				572FCE8F20A7713100B89A24 /* TransacaoModel.swift */,
				572FCE9120A777E700B89A24 /* HomeViewController.swift */,
				572FCE9720A7818500B89A24 /* NovaTransacaoViewController.swift */,
			);
			path = ProjetoiOSBasico;
			sourceTree = "<group>";
		};
/* End PBXGroup section */

/* Begin PBXNativeTarget section */
		572FCE6F20A74D2000B89A24 /* ProjetoiOSBasico */ = {
			isa = PBXNativeTarget;
			buildConfigurationList = 572FCE8220A74D2000B89A24 /* Build configuration list for PBXNativeTarget "ProjetoiOSBasico" */;
			buildPhases = (
				572FCE6C20A74D2000B89A24 /* Sources */,
				572FCE6D20A74D2000B89A24 /* Frameworks */,
				572FCE6E20A74D2000B89A24 /* Resources */,
			);
			buildRules = (
			);
			dependencies = (
			);
			name = ProjetoiOSBasico;
			productName = ProjetoiOSBasico;
			productReference = 572FCE7020A74D2000B89A24 /* ProjetoiOSBasico.app */;
			productType = "com.apple.product-type.application";
		};
/* End PBXNativeTarget section */

/* Begin PBXProject section */
		572FCE6820A74D2000B89A24 /* Project object */ = {
			isa = PBXProject;
			attributes = {
				LastSwiftUpdateCheck = 0930;
				LastUpgradeCheck = 0930;
				ORGANIZATIONNAME = Aluno;
				TargetAttributes = {
					572FCE6F20A74D2000B89A24 = {
						CreatedOnToolsVersion = 9.3;
					};
				};
			};
			buildConfigurationList = 572FCE6B20A74D2000B89A24 /* Build configuration list for PBXProject "ProjetoiOSBasico" */;
			compatibilityVersion = "Xcode 9.3";
			developmentRegion = en;
			hasScannedForEncodings = 0;
			knownRegions = (
				en,
				Base,
			);
			mainGroup = 572FCE6720A74D2000B89A24;
			productRefGroup = 572FCE7120A74D2000B89A24 /* Products */;
			projectDirPath = "";
			projectRoot = "";
			targets = (
				572FCE6F20A74D2000B89A24 /* ProjetoiOSBasico */,
			);
		};
/* End PBXProject section */

/* Begin PBXResourcesBuildPhase section */
		572FCE6E20A74D2000B89A24 /* Resources */ = {
			isa = PBXResourcesBuildPhase;
			buildActionMask = 2147483647;
			files = (
				572FCE7E20A74D2000B89A24 /* LaunchScreen.storyboard in Resources */,
				572FCE7B20A74D2000B89A24 /* Assets.xcassets in Resources */,
				572FCE7920A74D2000B89A24 /* Main.storyboard in Resources */,
			);
			runOnlyForDeploymentPostprocessing = 0;
		};
/* End PBXResourcesBuildPhase section */

/* Begin PBXSourcesBuildPhase section */
		572FCE6C20A74D2000B89A24 /* Sources */ = {
			isa = PBXSourcesBuildPhase;
			buildActionMask = 2147483647;
			files = (
				572FCE9020A7713100B89A24 /* TransacaoModel.swift in Sources */,
				572FCE8E20A76D4A00B89A24 /* BancoRepository.swift in Sources */,
				572FCE7620A74D2000B89A24 /* ViewController.swift in Sources */,
				572FCE8620A74EAC00B89A24 /* UsuarioModel.swift in Sources */,
				572FCE9820A7818500B89A24 /* NovaTransacaoViewController.swift in Sources */,
				572FCE7420A74D2000B89A24 /* AppDelegate.swift in Sources */,
				572FCE9220A777E700B89A24 /* HomeViewController.swift in Sources */,
			);
			runOnlyForDeploymentPostprocessing = 0;
		};
/* End PBXSourcesBuildPhase section */

/* Begin PBXVariantGroup section */
		572FCE7720A74D2000B89A24 /* Main.storyboard */ = {
			isa = PBXVariantGroup;
			children = (
				572FCE7820A74D2000B89A24 /* Base */,
			);
			name = Main.storyboard;
			sourceTree = "<group>";
		};
		572FCE7C20A74D2000B89A24 /* LaunchScreen.storyboard */ = {
			isa = PBXVariantGroup;
			children = (
				572FCE7D20A74D2000B89A24 /* Base */,
			);
			name = LaunchScreen.storyboard;
			sourceTree = "<group>";
		};
/* End PBXVariantGroup section */

/* Begin XCBuildConfiguration section */
		572FCE8020A74D2000B89A24 /* Debug */ = {
			isa = XCBuildConfiguration;
			buildSettings = {
				ALWAYS_SEARCH_USER_PATHS = NO;
				CLANG_ANALYZER_NONNULL = YES;
				CLANG_ANALYZER_NUMBER_OBJECT_CONVERSION = YES_AGGRESSIVE;
				CLANG_CXX_LANGUAGE_STANDARD = "gnu++14";
				CLANG_CXX_LIBRARY = "libc++";
				CLANG_ENABLE_MODULES = YES;
				CLANG_ENABLE_OBJC_ARC = YES;
				CLANG_ENABLE_OBJC_WEAK = YES;
				CLANG_WARN_BLOCK_CAPTURE_AUTORELEASING = YES;
				CLANG_WARN_BOOL_CONVERSION = YES;
				CLANG_WARN_COMMA = YES;
				CLANG_WARN_CONSTANT_CONVERSION = YES;
				CLANG_WARN_DEPRECATED_OBJC_IMPLEMENTATIONS = YES;
				CLANG_WARN_DIRECT_OBJC_ISA_USAGE = YES_ERROR;
				CLANG_WARN_DOCUMENTATION_COMMENTS = YES;
				CLANG_WARN_EMPTY_BODY = YES;
				CLANG_WARN_ENUM_CONVERSION = YES;
				CLANG_WARN_INFINITE_RECURSION = YES;
				CLANG_WARN_INT_CONVERSION = YES;
				CLANG_WARN_NON_LITERAL_NULL_CONVERSION = YES;
				CLANG_WARN_OBJC_IMPLICIT_RETAIN_SELF = YES;
				CLANG_WARN_OBJC_LITERAL_CONVERSION = YES;
				CLANG_WARN_OBJC_ROOT_CLASS = YES_ERROR;
				CLANG_WARN_RANGE_LOOP_ANALYSIS = YES;
				CLANG_WARN_STRICT_PROTOTYPES = YES;
				CLANG_WARN_SUSPICIOUS_MOVE = YES;
				CLANG_WARN_UNGUARDED_AVAILABILITY = YES_AGGRESSIVE;
				CLANG_WARN_UNREACHABLE_CODE = YES;
				CLANG_WARN__DUPLICATE_METHOD_MATCH = YES;
				CODE_SIGN_IDENTITY = "iPhone Developer";
				COPY_PHASE_STRIP = NO;
				DEBUG_INFORMATION_FORMAT = dwarf;
				ENABLE_STRICT_OBJC_MSGSEND = YES;
				ENABLE_TESTABILITY = YES;
				GCC_C_LANGUAGE_STANDARD = gnu11;
				GCC_DYNAMIC_NO_PIC = NO;
				GCC_NO_COMMON_BLOCKS = YES;
				GCC_OPTIMIZATION_LEVEL = 0;
				GCC_PREPROCESSOR_DEFINITIONS = (
					"DEBUG=1",
					"$(inherited)",
				);
				GCC_WARN_64_TO_32_BIT_CONVERSION = YES;
				GCC_WARN_ABOUT_RETURN_TYPE = YES_ERROR;
				GCC_WARN_UNDECLARED_SELECTOR = YES;
				GCC_WARN_UNINITIALIZED_AUTOS = YES_AGGRESSIVE;
				GCC_WARN_UNUSED_FUNCTION = YES;
				GCC_WARN_UNUSED_VARIABLE = YES;
				IPHONEOS_DEPLOYMENT_TARGET = 11.3;
				MTL_ENABLE_DEBUG_INFO = YES;
				ONLY_ACTIVE_ARCH = YES;
				SDKROOT = iphoneos;
				SWIFT_ACTIVE_COMPILATION_CONDITIONS = DEBUG;
				SWIFT_OPTIMIZATION_LEVEL = "-Onone";
			};
			name = Debug;
		};
		572FCE8120A74D2000B89A24 /* Release */ = {
			isa = XCBuildConfiguration;
			buildSettings = {
				ALWAYS_SEARCH_USER_PATHS = NO;
				CLANG_ANALYZER_NONNULL = YES;
				CLANG_ANALYZER_NUMBER_OBJECT_CONVERSION = YES_AGGRESSIVE;
				CLANG_CXX_LANGUAGE_STANDARD = "gnu++14";
				CLANG_CXX_LIBRARY = "libc++";
				CLANG_ENABLE_MODULES = YES;
				CLANG_ENABLE_OBJC_ARC = YES;
				CLANG_ENABLE_OBJC_WEAK = YES;
				CLANG_WARN_BLOCK_CAPTURE_AUTORELEASING = YES;
				CLANG_WARN_BOOL_CONVERSION = YES;
				CLANG_WARN_COMMA = YES;
				CLANG_WARN_CONSTANT_CONVERSION = YES;
				CLANG_WARN_DEPRECATED_OBJC_IMPLEMENTATIONS = YES;
				CLANG_WARN_DIRECT_OBJC_ISA_USAGE = YES_ERROR;
				CLANG_WARN_DOCUMENTATION_COMMENTS = YES;
				CLANG_WARN_EMPTY_BODY = YES;
				CLANG_WARN_ENUM_CONVERSION = YES;
				CLANG_WARN_INFINITE_RECURSION = YES;
				CLANG_WARN_INT_CONVERSION = YES;
				CLANG_WARN_NON_LITERAL_NULL_CONVERSION = YES;
				CLANG_WARN_OBJC_IMPLICIT_RETAIN_SELF = YES;
				CLANG_WARN_OBJC_LITERAL_CONVERSION = YES;
				CLANG_WARN_OBJC_ROOT_CLASS = YES_ERROR;
				CLANG_WARN_RANGE_LOOP_ANALYSIS = YES;
				CLANG_WARN_STRICT_PROTOTYPES = YES;
				CLANG_WARN_SUSPICIOUS_MOVE = YES;
				CLANG_WARN_UNGUARDED_AVAILABILITY = YES_AGGRESSIVE;
				CLANG_WARN_UNREACHABLE_CODE = YES;
				CLANG_WARN__DUPLICATE_METHOD_MATCH = YES;
				CODE_SIGN_IDENTITY = "iPhone Developer";
				COPY_PHASE_STRIP = NO;
				DEBUG_INFORMATION_FORMAT = "dwarf-with-dsym";
				ENABLE_NS_ASSERTIONS = NO;
				ENABLE_STRICT_OBJC_MSGSEND = YES;
				GCC_C_LANGUAGE_STANDARD = gnu11;
				GCC_NO_COMMON_BLOCKS = YES;
				GCC_WARN_64_TO_32_BIT_CONVERSION = YES;
				GCC_WARN_ABOUT_RETURN_TYPE = YES_ERROR;
				GCC_WARN_UNDECLARED_SELECTOR = YES;
				GCC_WARN_UNINITIALIZED_AUTOS = YES_AGGRESSIVE;
				GCC_WARN_UNUSED_FUNCTION = YES;
				GCC_WARN_UNUSED_VARIABLE = YES;
				IPHONEOS_DEPLOYMENT_TARGET = 11.3;
				MTL_ENABLE_DEBUG_INFO = NO;
				SDKROOT = iphoneos;
				SWIFT_COMPILATION_MODE = wholemodule;
				SWIFT_OPTIMIZATION_LEVEL = "-O";
				VALIDATE_PRODUCT = YES;
			};
			name = Release;
		};
		572FCE8320A74D2000B89A24 /* Debug */ = {
			isa = XCBuildConfiguration;
			buildSettings = {
				ASSETCATALOG_COMPILER_APPICON_NAME = AppIcon;
				CODE_SIGN_STYLE = Automatic;
				INFOPLIST_FILE = ProjetoiOSBasico/Info.plist;
				LD_RUNPATH_SEARCH_PATHS = (
					"$(inherited)",
					"@executable_path/Frameworks",
				);
				PRODUCT_BUNDLE_IDENTIFIER = com.felipemdmelo.ProjetoiOSBasico;
				PRODUCT_NAME = "$(TARGET_NAME)";
				SWIFT_VERSION = 4.0;
				TARGETED_DEVICE_FAMILY = "1,2";
			};
			name = Debug;
		};
		572FCE8420A74D2000B89A24 /* Release */ = {
			isa = XCBuildConfiguration;
			buildSettings = {
				ASSETCATALOG_COMPILER_APPICON_NAME = AppIcon;
				CODE_SIGN_STYLE = Automatic;
				INFOPLIST_FILE = ProjetoiOSBasico/Info.plist;
				LD_RUNPATH_SEARCH_PATHS = (
					"$(inherited)",
					"@executable_path/Frameworks",
				);
				PRODUCT_BUNDLE_IDENTIFIER = com.felipemdmelo.ProjetoiOSBasico;
				PRODUCT_NAME = "$(TARGET_NAME)";
				SWIFT_VERSION = 4.0;
				TARGETED_DEVICE_FAMILY = "1,2";
			};
			name = Release;
		};
/* End XCBuildConfiguration section */

/* Begin XCConfigurationList section */
		572FCE6B20A74D2000B89A24 /* Build configuration list for PBXProject "ProjetoiOSBasico" */ = {
			isa = XCConfigurationList;
			buildConfigurations = (
				572FCE8020A74D2000B89A24 /* Debug */,
				572FCE8120A74D2000B89A24 /* Release */,
			);
			defaultConfigurationIsVisible = 0;
			defaultConfigurationName = Release;
		};
		572FCE8220A74D2000B89A24 /* Build configuration list for PBXNativeTarget "ProjetoiOSBasico" */ = {
			isa = XCConfigurationList;
			buildConfigurations = (
				572FCE8320A74D2000B89A24 /* Debug */,
				572FCE8420A74D2000B89A24 /* Release */,
			);
			defaultConfigurationIsVisible = 0;
			defaultConfigurationName = Release;
		};
/* End XCConfigurationList section */
	};
	rootObject = 572FCE6820A74D2000B89A24 /* Project object */;
}
