// !$*UTF8*$!
{
	archiveVersion = 1;
	classes = {
	};
	objectVersion = 50;
	objects = {

/* Begin PBXBuildFile section */
		5781D7EA2103A01C00D3C794 /* AdicionarEditarPlataformaViewController.swift in Sources */ = {isa = PBXBuildFile; fileRef = 5781D7E92103A01C00D3C794 /* AdicionarEditarPlataformaViewController.swift */; };
		5781D7ED2103B4A000D3C794 /* ListaPlataformasTableViewCell.swift in Sources */ = {isa = PBXBuildFile; fileRef = 5781D7EC2103B4A000D3C794 /* ListaPlataformasTableViewCell.swift */; };
		5781D7EF2103B98B00D3C794 /* ListaJogosTableViewCell.swift in Sources */ = {isa = PBXBuildFile; fileRef = 5781D7EE2103B98B00D3C794 /* ListaJogosTableViewCell.swift */; };
		57A75DEB210297EB001676F3 /* AppDelegate.swift in Sources */ = {isa = PBXBuildFile; fileRef = 57A75DEA210297EB001676F3 /* AppDelegate.swift */; };
		57A75DF0210297EB001676F3 /* Main.storyboard in Resources */ = {isa = PBXBuildFile; fileRef = 57A75DEE210297EB001676F3 /* Main.storyboard */; };
		57A75DF3210297EB001676F3 /* MyGames.xcdatamodeld in Sources */ = {isa = PBXBuildFile; fileRef = 57A75DF1210297EB001676F3 /* MyGames.xcdatamodeld */; };
		57A75DF5210297EC001676F3 /* Assets.xcassets in Resources */ = {isa = PBXBuildFile; fileRef = 57A75DF4210297EC001676F3 /* Assets.xcassets */; };
		57A75DF8210297EC001676F3 /* LaunchScreen.storyboard in Resources */ = {isa = PBXBuildFile; fileRef = 57A75DF6210297EC001676F3 /* LaunchScreen.storyboard */; };
		57A75E022102A39F001676F3 /* ListaJogosTableViewController.swift in Sources */ = {isa = PBXBuildFile; fileRef = 57A75E012102A39F001676F3 /* ListaJogosTableViewController.swift */; };
		57A75E072102ACBC001676F3 /* ListaPlataformasTableViewController.swift in Sources */ = {isa = PBXBuildFile; fileRef = 57A75E062102ACBC001676F3 /* ListaPlataformasTableViewController.swift */; };
		57EA7934210354AE004CE805 /* JogoViewController.swift in Sources */ = {isa = PBXBuildFile; fileRef = 57EA7933210354AE004CE805 /* JogoViewController.swift */; };
		57EA7936210354C2004CE805 /* AdicionarEditarViewController.swift in Sources */ = {isa = PBXBuildFile; fileRef = 57EA7935210354C2004CE805 /* AdicionarEditarViewController.swift */; };
		57EA793921036655004CE805 /* ViewController+CoreData.swift in Sources */ = {isa = PBXBuildFile; fileRef = 57EA793821036655004CE805 /* ViewController+CoreData.swift */; };
		57EA793C21037058004CE805 /* PlataformaManager.swift in Sources */ = {isa = PBXBuildFile; fileRef = 57EA793B21037058004CE805 /* PlataformaManager.swift */; };
/* End PBXBuildFile section */

/* Begin PBXFileReference section */
		5781D7E92103A01C00D3C794 /* AdicionarEditarPlataformaViewController.swift */ = {isa = PBXFileReference; lastKnownFileType = sourcecode.swift; path = AdicionarEditarPlataformaViewController.swift; sourceTree = "<group>"; };
		5781D7EC2103B4A000D3C794 /* ListaPlataformasTableViewCell.swift */ = {isa = PBXFileReference; lastKnownFileType = sourcecode.swift; path = ListaPlataformasTableViewCell.swift; sourceTree = "<group>"; };
		5781D7EE2103B98B00D3C794 /* ListaJogosTableViewCell.swift */ = {isa = PBXFileReference; lastKnownFileType = sourcecode.swift; path = ListaJogosTableViewCell.swift; sourceTree = "<group>"; };
		57A75DE7210297EB001676F3 /* MyGames.app */ = {isa = PBXFileReference; explicitFileType = wrapper.application; includeInIndex = 0; path = MyGames.app; sourceTree = BUILT_PRODUCTS_DIR; };
		57A75DEA210297EB001676F3 /* AppDelegate.swift */ = {isa = PBXFileReference; lastKnownFileType = sourcecode.swift; path = AppDelegate.swift; sourceTree = "<group>"; };
		57A75DEF210297EB001676F3 /* Base */ = {isa = PBXFileReference; lastKnownFileType = file.storyboard; name = Base; path = Base.lproj/Main.storyboard; sourceTree = "<group>"; };
		57A75DF2210297EB001676F3 /* MyGames.xcdatamodel */ = {isa = PBXFileReference; lastKnownFileType = wrapper.xcdatamodel; path = MyGames.xcdatamodel; sourceTree = "<group>"; };
		57A75DF4210297EC001676F3 /* Assets.xcassets */ = {isa = PBXFileReference; lastKnownFileType = folder.assetcatalog; path = Assets.xcassets; sourceTree = "<group>"; };
		57A75DF7210297EC001676F3 /* Base */ = {isa = PBXFileReference; lastKnownFileType = file.storyboard; name = Base; path = Base.lproj/LaunchScreen.storyboard; sourceTree = "<group>"; };
		57A75DF9210297EC001676F3 /* Info.plist */ = {isa = PBXFileReference; lastKnownFileType = text.plist.xml; path = Info.plist; sourceTree = "<group>"; };
		57A75E012102A39F001676F3 /* ListaJogosTableViewController.swift */ = {isa = PBXFileReference; lastKnownFileType = sourcecode.swift; path = ListaJogosTableViewController.swift; sourceTree = "<group>"; };
		57A75E062102ACBC001676F3 /* ListaPlataformasTableViewController.swift */ = {isa = PBXFileReference; lastKnownFileType = sourcecode.swift; path = ListaPlataformasTableViewController.swift; sourceTree = "<group>"; };
		57EA7933210354AE004CE805 /* JogoViewController.swift */ = {isa = PBXFileReference; lastKnownFileType = sourcecode.swift; path = JogoViewController.swift; sourceTree = "<group>"; };
		57EA7935210354C2004CE805 /* AdicionarEditarViewController.swift */ = {isa = PBXFileReference; lastKnownFileType = sourcecode.swift; path = AdicionarEditarViewController.swift; sourceTree = "<group>"; };
		57EA793821036655004CE805 /* ViewController+CoreData.swift */ = {isa = PBXFileReference; lastKnownFileType = sourcecode.swift; path = "ViewController+CoreData.swift"; sourceTree = "<group>"; };
		57EA793B21037058004CE805 /* PlataformaManager.swift */ = {isa = PBXFileReference; lastKnownFileType = sourcecode.swift; path = PlataformaManager.swift; sourceTree = "<group>"; };
/* End PBXFileReference section */

/* Begin PBXFrameworksBuildPhase section */
		57A75DE4210297EB001676F3 /* Frameworks */ = {
			isa = PBXFrameworksBuildPhase;
			buildActionMask = 2147483647;
			files = (
			);
			runOnlyForDeploymentPostprocessing = 0;
		};
/* End PBXFrameworksBuildPhase section */

/* Begin PBXGroup section */
		5781D7EB2103B46E00D3C794 /* Cell */ = {
			isa = PBXGroup;
			children = (
				5781D7EC2103B4A000D3C794 /* ListaPlataformasTableViewCell.swift */,
				5781D7EE2103B98B00D3C794 /* ListaJogosTableViewCell.swift */,
			);
			path = Cell;
			sourceTree = "<group>";
		};
		57A75DDE210297EA001676F3 = {
			isa = PBXGroup;
			children = (
				57A75DE9210297EB001676F3 /* MyGames */,
				57A75DE8210297EB001676F3 /* Products */,
			);
			sourceTree = "<group>";
		};
		57A75DE8210297EB001676F3 /* Products */ = {
			isa = PBXGroup;
			children = (
				57A75DE7210297EB001676F3 /* MyGames.app */,
			);
			name = Products;
			sourceTree = "<group>";
		};
		57A75DE9210297EB001676F3 /* MyGames */ = {
			isa = PBXGroup;
			children = (
				57EA793A21037038004CE805 /* Managers */,
				57EA793721036616004CE805 /* Extensions */,
				57A75E032102A4D7001676F3 /* Models */,
				57A75DEA210297EB001676F3 /* AppDelegate.swift */,
				57A75E0021029C09001676F3 /* Controllers */,
				57A75DFF21029B5B001676F3 /* Views */,
				57A75DF4210297EC001676F3 /* Assets.xcassets */,
				57A75DF9210297EC001676F3 /* Info.plist */,
				57A75DF1210297EB001676F3 /* MyGames.xcdatamodeld */,
			);
			path = MyGames;
			sourceTree = "<group>";
		};
		57A75DFF21029B5B001676F3 /* Views */ = {
			isa = PBXGroup;
			children = (
				57A75DEE210297EB001676F3 /* Main.storyboard */,
				57A75DF6210297EC001676F3 /* LaunchScreen.storyboard */,
			);
			path = Views;
			sourceTree = "<group>";
		};
		57A75E0021029C09001676F3 /* Controllers */ = {
			isa = PBXGroup;
			children = (
				5781D7EB2103B46E00D3C794 /* Cell */,
				57A75E012102A39F001676F3 /* ListaJogosTableViewController.swift */,
				57A75E062102ACBC001676F3 /* ListaPlataformasTableViewController.swift */,
				57EA7933210354AE004CE805 /* JogoViewController.swift */,
				57EA7935210354C2004CE805 /* AdicionarEditarViewController.swift */,
				5781D7E92103A01C00D3C794 /* AdicionarEditarPlataformaViewController.swift */,
			);
			path = Controllers;
			sourceTree = "<group>";
		};
		57A75E032102A4D7001676F3 /* Models */ = {
			isa = PBXGroup;
			children = (
			);
			path = Models;
			sourceTree = "<group>";
		};
		57EA793721036616004CE805 /* Extensions */ = {
			isa = PBXGroup;
			children = (
				57EA793821036655004CE805 /* ViewController+CoreData.swift */,
			);
			path = Extensions;
			sourceTree = "<group>";
		};
		57EA793A21037038004CE805 /* Managers */ = {
			isa = PBXGroup;
			children = (
				57EA793B21037058004CE805 /* PlataformaManager.swift */,
			);
			path = Managers;
			sourceTree = "<group>";
		};
/* End PBXGroup section */

/* Begin PBXNativeTarget section */
		57A75DE6210297EB001676F3 /* MyGames */ = {
			isa = PBXNativeTarget;
			buildConfigurationList = 57A75DFC210297EC001676F3 /* Build configuration list for PBXNativeTarget "MyGames" */;
			buildPhases = (
				57A75DE3210297EB001676F3 /* Sources */,
				57A75DE4210297EB001676F3 /* Frameworks */,
				57A75DE5210297EB001676F3 /* Resources */,
			);
			buildRules = (
			);
			dependencies = (
			);
			name = MyGames;
			productName = MyGames;
			productReference = 57A75DE7210297EB001676F3 /* MyGames.app */;
			productType = "com.apple.product-type.application";
		};
/* End PBXNativeTarget section */

/* Begin PBXProject section */
		57A75DDF210297EA001676F3 /* Project object */ = {
			isa = PBXProject;
			attributes = {
				LastSwiftUpdateCheck = 0930;
				LastUpgradeCheck = 0930;
				ORGANIZATIONNAME = Aluno;
				TargetAttributes = {
					57A75DE6210297EB001676F3 = {
						CreatedOnToolsVersion = 9.3;
					};
				};
			};
			buildConfigurationList = 57A75DE2210297EA001676F3 /* Build configuration list for PBXProject "MyGames" */;
			compatibilityVersion = "Xcode 9.3";
			developmentRegion = en;
			hasScannedForEncodings = 0;
			knownRegions = (
				en,
				Base,
			);
			mainGroup = 57A75DDE210297EA001676F3;
			productRefGroup = 57A75DE8210297EB001676F3 /* Products */;
			projectDirPath = "";
			projectRoot = "";
			targets = (
				57A75DE6210297EB001676F3 /* MyGames */,
			);
		};
/* End PBXProject section */

/* Begin PBXResourcesBuildPhase section */
		57A75DE5210297EB001676F3 /* Resources */ = {
			isa = PBXResourcesBuildPhase;
			buildActionMask = 2147483647;
			files = (
				57A75DF8210297EC001676F3 /* LaunchScreen.storyboard in Resources */,
				57A75DF5210297EC001676F3 /* Assets.xcassets in Resources */,
				57A75DF0210297EB001676F3 /* Main.storyboard in Resources */,
			);
			runOnlyForDeploymentPostprocessing = 0;
		};
/* End PBXResourcesBuildPhase section */

/* Begin PBXSourcesBuildPhase section */
		57A75DE3210297EB001676F3 /* Sources */ = {
			isa = PBXSourcesBuildPhase;
			buildActionMask = 2147483647;
			files = (
				57A75E022102A39F001676F3 /* ListaJogosTableViewController.swift in Sources */,
				57A75E072102ACBC001676F3 /* ListaPlataformasTableViewController.swift in Sources */,
				5781D7ED2103B4A000D3C794 /* ListaPlataformasTableViewCell.swift in Sources */,
				5781D7EF2103B98B00D3C794 /* ListaJogosTableViewCell.swift in Sources */,
				57A75DEB210297EB001676F3 /* AppDelegate.swift in Sources */,
				57EA793921036655004CE805 /* ViewController+CoreData.swift in Sources */,
				57EA793C21037058004CE805 /* PlataformaManager.swift in Sources */,
				57A75DF3210297EB001676F3 /* MyGames.xcdatamodeld in Sources */,
				57EA7936210354C2004CE805 /* AdicionarEditarViewController.swift in Sources */,
				5781D7EA2103A01C00D3C794 /* AdicionarEditarPlataformaViewController.swift in Sources */,
				57EA7934210354AE004CE805 /* JogoViewController.swift in Sources */,
			);
			runOnlyForDeploymentPostprocessing = 0;
		};
/* End PBXSourcesBuildPhase section */

/* Begin PBXVariantGroup section */
		57A75DEE210297EB001676F3 /* Main.storyboard */ = {
			isa = PBXVariantGroup;
			children = (
				57A75DEF210297EB001676F3 /* Base */,
			);
			name = Main.storyboard;
			sourceTree = "<group>";
		};
		57A75DF6210297EC001676F3 /* LaunchScreen.storyboard */ = {
			isa = PBXVariantGroup;
			children = (
				57A75DF7210297EC001676F3 /* Base */,
			);
			name = LaunchScreen.storyboard;
			sourceTree = "<group>";
		};
/* End PBXVariantGroup section */

/* Begin XCBuildConfiguration section */
		57A75DFA210297EC001676F3 /* Debug */ = {
			isa = XCBuildConfiguration;
			buildSettings = {
				ALWAYS_SEARCH_USER_PATHS = NO;
				CLANG_ANALYZER_NONNULL = YES;
				CLANG_ANALYZER_NUMBER_OBJECT_CONVERSION = YES_AGGRESSIVE;
				CLANG_CXX_LANGUAGE_STANDARD = "gnu++14";
				CLANG_CXX_LIBRARY = "libc++";
				CLANG_ENABLE_MODULES = YES;
				CLANG_ENABLE_OBJC_ARC = YES;
				CLANG_ENABLE_OBJC_WEAK = YES;
				CLANG_WARN_BLOCK_CAPTURE_AUTORELEASING = YES;
				CLANG_WARN_BOOL_CONVERSION = YES;
				CLANG_WARN_COMMA = YES;
				CLANG_WARN_CONSTANT_CONVERSION = YES;
				CLANG_WARN_DEPRECATED_OBJC_IMPLEMENTATIONS = YES;
				CLANG_WARN_DIRECT_OBJC_ISA_USAGE = YES_ERROR;
				CLANG_WARN_DOCUMENTATION_COMMENTS = YES;
				CLANG_WARN_EMPTY_BODY = YES;
				CLANG_WARN_ENUM_CONVERSION = YES;
				CLANG_WARN_INFINITE_RECURSION = YES;
				CLANG_WARN_INT_CONVERSION = YES;
				CLANG_WARN_NON_LITERAL_NULL_CONVERSION = YES;
				CLANG_WARN_OBJC_IMPLICIT_RETAIN_SELF = YES;
				CLANG_WARN_OBJC_LITERAL_CONVERSION = YES;
				CLANG_WARN_OBJC_ROOT_CLASS = YES_ERROR;
				CLANG_WARN_RANGE_LOOP_ANALYSIS = YES;
				CLANG_WARN_STRICT_PROTOTYPES = YES;
				CLANG_WARN_SUSPICIOUS_MOVE = YES;
				CLANG_WARN_UNGUARDED_AVAILABILITY = YES_AGGRESSIVE;
				CLANG_WARN_UNREACHABLE_CODE = YES;
				CLANG_WARN__DUPLICATE_METHOD_MATCH = YES;
				CODE_SIGN_IDENTITY = "iPhone Developer";
				COPY_PHASE_STRIP = NO;
				DEBUG_INFORMATION_FORMAT = dwarf;
				ENABLE_STRICT_OBJC_MSGSEND = YES;
				ENABLE_TESTABILITY = YES;
				GCC_C_LANGUAGE_STANDARD = gnu11;
				GCC_DYNAMIC_NO_PIC = NO;
				GCC_NO_COMMON_BLOCKS = YES;
				GCC_OPTIMIZATION_LEVEL = 0;
				GCC_PREPROCESSOR_DEFINITIONS = (
					"DEBUG=1",
					"$(inherited)",
				);
				GCC_WARN_64_TO_32_BIT_CONVERSION = YES;
				GCC_WARN_ABOUT_RETURN_TYPE = YES_ERROR;
				GCC_WARN_UNDECLARED_SELECTOR = YES;
				GCC_WARN_UNINITIALIZED_AUTOS = YES_AGGRESSIVE;
				GCC_WARN_UNUSED_FUNCTION = YES;
				GCC_WARN_UNUSED_VARIABLE = YES;
				IPHONEOS_DEPLOYMENT_TARGET = 11.3;
				MTL_ENABLE_DEBUG_INFO = YES;
				ONLY_ACTIVE_ARCH = YES;
				SDKROOT = iphoneos;
				SWIFT_ACTIVE_COMPILATION_CONDITIONS = DEBUG;
				SWIFT_OPTIMIZATION_LEVEL = "-Onone";
			};
			name = Debug;
		};
		57A75DFB210297EC001676F3 /* Release */ = {
			isa = XCBuildConfiguration;
			buildSettings = {
				ALWAYS_SEARCH_USER_PATHS = NO;
				CLANG_ANALYZER_NONNULL = YES;
				CLANG_ANALYZER_NUMBER_OBJECT_CONVERSION = YES_AGGRESSIVE;
				CLANG_CXX_LANGUAGE_STANDARD = "gnu++14";
				CLANG_CXX_LIBRARY = "libc++";
				CLANG_ENABLE_MODULES = YES;
				CLANG_ENABLE_OBJC_ARC = YES;
				CLANG_ENABLE_OBJC_WEAK = YES;
				CLANG_WARN_BLOCK_CAPTURE_AUTORELEASING = YES;
				CLANG_WARN_BOOL_CONVERSION = YES;
				CLANG_WARN_COMMA = YES;
				CLANG_WARN_CONSTANT_CONVERSION = YES;
				CLANG_WARN_DEPRECATED_OBJC_IMPLEMENTATIONS = YES;
				CLANG_WARN_DIRECT_OBJC_ISA_USAGE = YES_ERROR;
				CLANG_WARN_DOCUMENTATION_COMMENTS = YES;
				CLANG_WARN_EMPTY_BODY = YES;
				CLANG_WARN_ENUM_CONVERSION = YES;
				CLANG_WARN_INFINITE_RECURSION = YES;
				CLANG_WARN_INT_CONVERSION = YES;
				CLANG_WARN_NON_LITERAL_NULL_CONVERSION = YES;
				CLANG_WARN_OBJC_IMPLICIT_RETAIN_SELF = YES;
				CLANG_WARN_OBJC_LITERAL_CONVERSION = YES;
				CLANG_WARN_OBJC_ROOT_CLASS = YES_ERROR;
				CLANG_WARN_RANGE_LOOP_ANALYSIS = YES;
				CLANG_WARN_STRICT_PROTOTYPES = YES;
				CLANG_WARN_SUSPICIOUS_MOVE = YES;
				CLANG_WARN_UNGUARDED_AVAILABILITY = YES_AGGRESSIVE;
				CLANG_WARN_UNREACHABLE_CODE = YES;
				CLANG_WARN__DUPLICATE_METHOD_MATCH = YES;
				CODE_SIGN_IDENTITY = "iPhone Developer";
				COPY_PHASE_STRIP = NO;
				DEBUG_INFORMATION_FORMAT = "dwarf-with-dsym";
				ENABLE_NS_ASSERTIONS = NO;
				ENABLE_STRICT_OBJC_MSGSEND = YES;
				GCC_C_LANGUAGE_STANDARD = gnu11;
				GCC_NO_COMMON_BLOCKS = YES;
				GCC_WARN_64_TO_32_BIT_CONVERSION = YES;
				GCC_WARN_ABOUT_RETURN_TYPE = YES_ERROR;
				GCC_WARN_UNDECLARED_SELECTOR = YES;
				GCC_WARN_UNINITIALIZED_AUTOS = YES_AGGRESSIVE;
				GCC_WARN_UNUSED_FUNCTION = YES;
				GCC_WARN_UNUSED_VARIABLE = YES;
				IPHONEOS_DEPLOYMENT_TARGET = 11.3;
				MTL_ENABLE_DEBUG_INFO = NO;
				SDKROOT = iphoneos;
				SWIFT_COMPILATION_MODE = wholemodule;
				SWIFT_OPTIMIZATION_LEVEL = "-O";
				VALIDATE_PRODUCT = YES;
			};
			name = Release;
		};
		57A75DFD210297EC001676F3 /* Debug */ = {
			isa = XCBuildConfiguration;
			buildSettings = {
				ASSETCATALOG_COMPILER_APPICON_NAME = AppIcon;
				CODE_SIGN_STYLE = Automatic;
				INFOPLIST_FILE = MyGames/Info.plist;
				LD_RUNPATH_SEARCH_PATHS = (
					"$(inherited)",
					"@executable_path/Frameworks",
				);
				PRODUCT_BUNDLE_IDENTIFIER = com.felipemdmelo.MyGames;
				PRODUCT_NAME = "$(TARGET_NAME)";
				SWIFT_VERSION = 4.0;
				TARGETED_DEVICE_FAMILY = "1,2";
			};
			name = Debug;
		};
		57A75DFE210297EC001676F3 /* Release */ = {
			isa = XCBuildConfiguration;
			buildSettings = {
				ASSETCATALOG_COMPILER_APPICON_NAME = AppIcon;
				CODE_SIGN_STYLE = Automatic;
				INFOPLIST_FILE = MyGames/Info.plist;
				LD_RUNPATH_SEARCH_PATHS = (
					"$(inherited)",
					"@executable_path/Frameworks",
				);
				PRODUCT_BUNDLE_IDENTIFIER = com.felipemdmelo.MyGames;
				PRODUCT_NAME = "$(TARGET_NAME)";
				SWIFT_VERSION = 4.0;
				TARGETED_DEVICE_FAMILY = "1,2";
			};
			name = Release;
		};
/* End XCBuildConfiguration section */

/* Begin XCConfigurationList section */
		57A75DE2210297EA001676F3 /* Build configuration list for PBXProject "MyGames" */ = {
			isa = XCConfigurationList;
			buildConfigurations = (
				57A75DFA210297EC001676F3 /* Debug */,
				57A75DFB210297EC001676F3 /* Release */,
			);
			defaultConfigurationIsVisible = 0;
			defaultConfigurationName = Release;
		};
		57A75DFC210297EC001676F3 /* Build configuration list for PBXNativeTarget "MyGames" */ = {
			isa = XCConfigurationList;
			buildConfigurations = (
				57A75DFD210297EC001676F3 /* Debug */,
				57A75DFE210297EC001676F3 /* Release */,
			);
			defaultConfigurationIsVisible = 0;
			defaultConfigurationName = Release;
		};
/* End XCConfigurationList section */

/* Begin XCVersionGroup section */
		57A75DF1210297EB001676F3 /* MyGames.xcdatamodeld */ = {
			isa = XCVersionGroup;
			children = (
				57A75DF2210297EB001676F3 /* MyGames.xcdatamodel */,
			);
			currentVersion = 57A75DF2210297EB001676F3 /* MyGames.xcdatamodel */;
			path = MyGames.xcdatamodeld;
			sourceTree = "<group>";
			versionGroupType = wrapper.xcdatamodel;
		};
/* End XCVersionGroup section */
	};
	rootObject = 57A75DDF210297EA001676F3 /* Project object */;
}
