// !$*UTF8*$!
{
	archiveVersion = 1;
	classes = {
	};
	objectVersion = 48;
	objects = {

/* Begin PBXBuildFile section */
		573364D9208225DC0068C1BA /* Card.swift in Sources */ = {isa = PBXBuildFile; fileRef = 573364D8208225DC0068C1BA /* Card.swift */; };
		573364DB2082265D0068C1BA /* MemoryGame.swift in Sources */ = {isa = PBXBuildFile; fileRef = 573364DA2082265D0068C1BA /* MemoryGame.swift */; };
		5761AB902081637E00CF3551 /* AppDelegate.swift in Sources */ = {isa = PBXBuildFile; fileRef = 5761AB8F2081637E00CF3551 /* AppDelegate.swift */; };
		5761AB922081637E00CF3551 /* ViewController.swift in Sources */ = {isa = PBXBuildFile; fileRef = 5761AB912081637E00CF3551 /* ViewController.swift */; };
		5761AB952081637E00CF3551 /* Main.storyboard in Resources */ = {isa = PBXBuildFile; fileRef = 5761AB932081637E00CF3551 /* Main.storyboard */; };
		5761AB972081637E00CF3551 /* Assets.xcassets in Resources */ = {isa = PBXBuildFile; fileRef = 5761AB962081637E00CF3551 /* Assets.xcassets */; };
		5761AB9A2081637E00CF3551 /* LaunchScreen.storyboard in Resources */ = {isa = PBXBuildFile; fileRef = 5761AB982081637E00CF3551 /* LaunchScreen.storyboard */; };
/* End PBXBuildFile section */

/* Begin PBXFileReference section */
		573364D8208225DC0068C1BA /* Card.swift */ = {isa = PBXFileReference; lastKnownFileType = sourcecode.swift; path = Card.swift; sourceTree = "<group>"; };
		573364DA2082265D0068C1BA /* MemoryGame.swift */ = {isa = PBXFileReference; lastKnownFileType = sourcecode.swift; path = MemoryGame.swift; sourceTree = "<group>"; };
		5761AB8C2081637E00CF3551 /* iOSCesar.app */ = {isa = PBXFileReference; explicitFileType = wrapper.application; includeInIndex = 0; path = iOSCesar.app; sourceTree = BUILT_PRODUCTS_DIR; };
		5761AB8F2081637E00CF3551 /* AppDelegate.swift */ = {isa = PBXFileReference; lastKnownFileType = sourcecode.swift; path = AppDelegate.swift; sourceTree = "<group>"; };
		5761AB912081637E00CF3551 /* ViewController.swift */ = {isa = PBXFileReference; lastKnownFileType = sourcecode.swift; path = ViewController.swift; sourceTree = "<group>"; };
		5761AB942081637E00CF3551 /* Base */ = {isa = PBXFileReference; lastKnownFileType = file.storyboard; name = Base; path = Base.lproj/Main.storyboard; sourceTree = "<group>"; };
		5761AB962081637E00CF3551 /* Assets.xcassets */ = {isa = PBXFileReference; lastKnownFileType = folder.assetcatalog; path = Assets.xcassets; sourceTree = "<group>"; };
		5761AB992081637E00CF3551 /* Base */ = {isa = PBXFileReference; lastKnownFileType = file.storyboard; name = Base; path = Base.lproj/LaunchScreen.storyboard; sourceTree = "<group>"; };
		5761AB9B2081637E00CF3551 /* Info.plist */ = {isa = PBXFileReference; lastKnownFileType = text.plist.xml; path = Info.plist; sourceTree = "<group>"; };
/* End PBXFileReference section */

/* Begin PBXFrameworksBuildPhase section */
		5761AB892081637E00CF3551 /* Frameworks */ = {
			isa = PBXFrameworksBuildPhase;
			buildActionMask = 2147483647;
			files = (
			);
			runOnlyForDeploymentPostprocessing = 0;
		};
/* End PBXFrameworksBuildPhase section */

/* Begin PBXGroup section */
		573364D7208224F40068C1BA /* Model */ = {
			isa = PBXGroup;
			children = (
				573364D8208225DC0068C1BA /* Card.swift */,
				573364DA2082265D0068C1BA /* MemoryGame.swift */,
			);
			path = Model;
			sourceTree = "<group>";
		};
		573364DC208226940068C1BA /* Support */ = {
			isa = PBXGroup;
			children = (
				5761AB8F2081637E00CF3551 /* AppDelegate.swift */,
				5761AB982081637E00CF3551 /* LaunchScreen.storyboard */,
			);
			path = Support;
			sourceTree = "<group>";
		};
		573364DD208237240068C1BA /* Controller */ = {
			isa = PBXGroup;
			children = (
				5761AB912081637E00CF3551 /* ViewController.swift */,
			);
			path = Controller;
			sourceTree = "<group>";
		};
		5761AB832081637E00CF3551 = {
			isa = PBXGroup;
			children = (
				5761AB8E2081637E00CF3551 /* iOSCesar */,
				5761AB8D2081637E00CF3551 /* Products */,
			);
			sourceTree = "<group>";
		};
		5761AB8D2081637E00CF3551 /* Products */ = {
			isa = PBXGroup;
			children = (
				5761AB8C2081637E00CF3551 /* iOSCesar.app */,
			);
			name = Products;
			sourceTree = "<group>";
		};
		5761AB8E2081637E00CF3551 /* iOSCesar */ = {
			isa = PBXGroup;
			children = (
				573364D7208224F40068C1BA /* Model */,
				573364DC208226940068C1BA /* Support */,
				573364DD208237240068C1BA /* Controller */,
				5761AB932081637E00CF3551 /* Main.storyboard */,
				5761AB962081637E00CF3551 /* Assets.xcassets */,
				5761AB9B2081637E00CF3551 /* Info.plist */,
			);
			path = iOSCesar;
			sourceTree = "<group>";
		};
/* End PBXGroup section */

/* Begin PBXNativeTarget section */
		5761AB8B2081637E00CF3551 /* iOSCesar */ = {
			isa = PBXNativeTarget;
			buildConfigurationList = 5761AB9E2081637E00CF3551 /* Build configuration list for PBXNativeTarget "iOSCesar" */;
			buildPhases = (
				5761AB882081637E00CF3551 /* Sources */,
				5761AB892081637E00CF3551 /* Frameworks */,
				5761AB8A2081637E00CF3551 /* Resources */,
			);
			buildRules = (
			);
			dependencies = (
			);
			name = iOSCesar;
			productName = iOSCesar;
			productReference = 5761AB8C2081637E00CF3551 /* iOSCesar.app */;
			productType = "com.apple.product-type.application";
		};
/* End PBXNativeTarget section */

/* Begin PBXProject section */
		5761AB842081637E00CF3551 /* Project object */ = {
			isa = PBXProject;
			attributes = {
				LastSwiftUpdateCheck = 0920;
				LastUpgradeCheck = 0920;
				ORGANIZATIONNAME = Aluno;
				TargetAttributes = {
					5761AB8B2081637E00CF3551 = {
						CreatedOnToolsVersion = 9.2;
						ProvisioningStyle = Automatic;
					};
				};
			};
			buildConfigurationList = 5761AB872081637E00CF3551 /* Build configuration list for PBXProject "iOSCesar" */;
			compatibilityVersion = "Xcode 8.0";
			developmentRegion = en;
			hasScannedForEncodings = 0;
			knownRegions = (
				en,
				Base,
			);
			mainGroup = 5761AB832081637E00CF3551;
			productRefGroup = 5761AB8D2081637E00CF3551 /* Products */;
			projectDirPath = "";
			projectRoot = "";
			targets = (
				5761AB8B2081637E00CF3551 /* iOSCesar */,
			);
		};
/* End PBXProject section */

/* Begin PBXResourcesBuildPhase section */
		5761AB8A2081637E00CF3551 /* Resources */ = {
			isa = PBXResourcesBuildPhase;
			buildActionMask = 2147483647;
			files = (
				5761AB9A2081637E00CF3551 /* LaunchScreen.storyboard in Resources */,
				5761AB972081637E00CF3551 /* Assets.xcassets in Resources */,
				5761AB952081637E00CF3551 /* Main.storyboard in Resources */,
			);
			runOnlyForDeploymentPostprocessing = 0;
		};
/* End PBXResourcesBuildPhase section */

/* Begin PBXSourcesBuildPhase section */
		5761AB882081637E00CF3551 /* Sources */ = {
			isa = PBXSourcesBuildPhase;
			buildActionMask = 2147483647;
			files = (
				5761AB922081637E00CF3551 /* ViewController.swift in Sources */,
				573364D9208225DC0068C1BA /* Card.swift in Sources */,
				573364DB2082265D0068C1BA /* MemoryGame.swift in Sources */,
				5761AB902081637E00CF3551 /* AppDelegate.swift in Sources */,
			);
			runOnlyForDeploymentPostprocessing = 0;
		};
/* End PBXSourcesBuildPhase section */

/* Begin PBXVariantGroup section */
		5761AB932081637E00CF3551 /* Main.storyboard */ = {
			isa = PBXVariantGroup;
			children = (
				5761AB942081637E00CF3551 /* Base */,
			);
			name = Main.storyboard;
			sourceTree = "<group>";
		};
		5761AB982081637E00CF3551 /* LaunchScreen.storyboard */ = {
			isa = PBXVariantGroup;
			children = (
				5761AB992081637E00CF3551 /* Base */,
			);
			name = LaunchScreen.storyboard;
			sourceTree = "<group>";
		};
/* End PBXVariantGroup section */

/* Begin XCBuildConfiguration section */
		5761AB9C2081637E00CF3551 /* Debug */ = {
			isa = XCBuildConfiguration;
			buildSettings = {
				ALWAYS_SEARCH_USER_PATHS = NO;
				CLANG_ANALYZER_NONNULL = YES;
				CLANG_ANALYZER_NUMBER_OBJECT_CONVERSION = YES_AGGRESSIVE;
				CLANG_CXX_LANGUAGE_STANDARD = "gnu++14";
				CLANG_CXX_LIBRARY = "libc++";
				CLANG_ENABLE_MODULES = YES;
				CLANG_ENABLE_OBJC_ARC = YES;
				CLANG_WARN_BLOCK_CAPTURE_AUTORELEASING = YES;
				CLANG_WARN_BOOL_CONVERSION = YES;
				CLANG_WARN_COMMA = YES;
				CLANG_WARN_CONSTANT_CONVERSION = YES;
				CLANG_WARN_DIRECT_OBJC_ISA_USAGE = YES_ERROR;
				CLANG_WARN_DOCUMENTATION_COMMENTS = YES;
				CLANG_WARN_EMPTY_BODY = YES;
				CLANG_WARN_ENUM_CONVERSION = YES;
				CLANG_WARN_INFINITE_RECURSION = YES;
				CLANG_WARN_INT_CONVERSION = YES;
				CLANG_WARN_NON_LITERAL_NULL_CONVERSION = YES;
				CLANG_WARN_OBJC_LITERAL_CONVERSION = YES;
				CLANG_WARN_OBJC_ROOT_CLASS = YES_ERROR;
				CLANG_WARN_RANGE_LOOP_ANALYSIS = YES;
				CLANG_WARN_STRICT_PROTOTYPES = YES;
				CLANG_WARN_SUSPICIOUS_MOVE = YES;
				CLANG_WARN_UNGUARDED_AVAILABILITY = YES_AGGRESSIVE;
				CLANG_WARN_UNREACHABLE_CODE = YES;
				CLANG_WARN__DUPLICATE_METHOD_MATCH = YES;
				CODE_SIGN_IDENTITY = "iPhone Developer";
				COPY_PHASE_STRIP = NO;
				DEBUG_INFORMATION_FORMAT = dwarf;
				ENABLE_STRICT_OBJC_MSGSEND = YES;
				ENABLE_TESTABILITY = YES;
				GCC_C_LANGUAGE_STANDARD = gnu11;
				GCC_DYNAMIC_NO_PIC = NO;
				GCC_NO_COMMON_BLOCKS = YES;
				GCC_OPTIMIZATION_LEVEL = 0;
				GCC_PREPROCESSOR_DEFINITIONS = (
					"DEBUG=1",
					"$(inherited)",
				);
				GCC_WARN_64_TO_32_BIT_CONVERSION = YES;
				GCC_WARN_ABOUT_RETURN_TYPE = YES_ERROR;
				GCC_WARN_UNDECLARED_SELECTOR = YES;
				GCC_WARN_UNINITIALIZED_AUTOS = YES_AGGRESSIVE;
				GCC_WARN_UNUSED_FUNCTION = YES;
				GCC_WARN_UNUSED_VARIABLE = YES;
				IPHONEOS_DEPLOYMENT_TARGET = 11.2;
				MTL_ENABLE_DEBUG_INFO = YES;
				ONLY_ACTIVE_ARCH = YES;
				SDKROOT = iphoneos;
				SWIFT_ACTIVE_COMPILATION_CONDITIONS = DEBUG;
				SWIFT_OPTIMIZATION_LEVEL = "-Onone";
			};
			name = Debug;
		};
		5761AB9D2081637E00CF3551 /* Release */ = {
			isa = XCBuildConfiguration;
			buildSettings = {
				ALWAYS_SEARCH_USER_PATHS = NO;
				CLANG_ANALYZER_NONNULL = YES;
				CLANG_ANALYZER_NUMBER_OBJECT_CONVERSION = YES_AGGRESSIVE;
				CLANG_CXX_LANGUAGE_STANDARD = "gnu++14";
				CLANG_CXX_LIBRARY = "libc++";
				CLANG_ENABLE_MODULES = YES;
				CLANG_ENABLE_OBJC_ARC = YES;
				CLANG_WARN_BLOCK_CAPTURE_AUTORELEASING = YES;
				CLANG_WARN_BOOL_CONVERSION = YES;
				CLANG_WARN_COMMA = YES;
				CLANG_WARN_CONSTANT_CONVERSION = YES;
				CLANG_WARN_DIRECT_OBJC_ISA_USAGE = YES_ERROR;
				CLANG_WARN_DOCUMENTATION_COMMENTS = YES;
				CLANG_WARN_EMPTY_BODY = YES;
				CLANG_WARN_ENUM_CONVERSION = YES;
				CLANG_WARN_INFINITE_RECURSION = YES;
				CLANG_WARN_INT_CONVERSION = YES;
				CLANG_WARN_NON_LITERAL_NULL_CONVERSION = YES;
				CLANG_WARN_OBJC_LITERAL_CONVERSION = YES;
				CLANG_WARN_OBJC_ROOT_CLASS = YES_ERROR;
				CLANG_WARN_RANGE_LOOP_ANALYSIS = YES;
				CLANG_WARN_STRICT_PROTOTYPES = YES;
				CLANG_WARN_SUSPICIOUS_MOVE = YES;
				CLANG_WARN_UNGUARDED_AVAILABILITY = YES_AGGRESSIVE;
				CLANG_WARN_UNREACHABLE_CODE = YES;
				CLANG_WARN__DUPLICATE_METHOD_MATCH = YES;
				CODE_SIGN_IDENTITY = "iPhone Developer";
				COPY_PHASE_STRIP = NO;
				DEBUG_INFORMATION_FORMAT = "dwarf-with-dsym";
				ENABLE_NS_ASSERTIONS = NO;
				ENABLE_STRICT_OBJC_MSGSEND = YES;
				GCC_C_LANGUAGE_STANDARD = gnu11;
				GCC_NO_COMMON_BLOCKS = YES;
				GCC_WARN_64_TO_32_BIT_CONVERSION = YES;
				GCC_WARN_ABOUT_RETURN_TYPE = YES_ERROR;
				GCC_WARN_UNDECLARED_SELECTOR = YES;
				GCC_WARN_UNINITIALIZED_AUTOS = YES_AGGRESSIVE;
				GCC_WARN_UNUSED_FUNCTION = YES;
				GCC_WARN_UNUSED_VARIABLE = YES;
				IPHONEOS_DEPLOYMENT_TARGET = 11.2;
				MTL_ENABLE_DEBUG_INFO = NO;
				SDKROOT = iphoneos;
				SWIFT_OPTIMIZATION_LEVEL = "-Owholemodule";
				VALIDATE_PRODUCT = YES;
			};
			name = Release;
		};
		5761AB9F2081637E00CF3551 /* Debug */ = {
			isa = XCBuildConfiguration;
			buildSettings = {
				ASSETCATALOG_COMPILER_APPICON_NAME = AppIcon;
				CODE_SIGN_STYLE = Automatic;
				INFOPLIST_FILE = iOSCesar/Info.plist;
				LD_RUNPATH_SEARCH_PATHS = "$(inherited) @executable_path/Frameworks";
				PRODUCT_BUNDLE_IDENTIFIER = br.org.cesar.iOSCesar;
				PRODUCT_NAME = "$(TARGET_NAME)";
				SWIFT_VERSION = 4.0;
				TARGETED_DEVICE_FAMILY = "1,2";
			};
			name = Debug;
		};
		5761ABA02081637E00CF3551 /* Release */ = {
			isa = XCBuildConfiguration;
			buildSettings = {
				ASSETCATALOG_COMPILER_APPICON_NAME = AppIcon;
				CODE_SIGN_STYLE = Automatic;
				INFOPLIST_FILE = iOSCesar/Info.plist;
				LD_RUNPATH_SEARCH_PATHS = "$(inherited) @executable_path/Frameworks";
				PRODUCT_BUNDLE_IDENTIFIER = br.org.cesar.iOSCesar;
				PRODUCT_NAME = "$(TARGET_NAME)";
				SWIFT_VERSION = 4.0;
				TARGETED_DEVICE_FAMILY = "1,2";
			};
			name = Release;
		};
/* End XCBuildConfiguration section */

/* Begin XCConfigurationList section */
		5761AB872081637E00CF3551 /* Build configuration list for PBXProject "iOSCesar" */ = {
			isa = XCConfigurationList;
			buildConfigurations = (
				5761AB9C2081637E00CF3551 /* Debug */,
				5761AB9D2081637E00CF3551 /* Release */,
			);
			defaultConfigurationIsVisible = 0;
			defaultConfigurationName = Release;
		};
		5761AB9E2081637E00CF3551 /* Build configuration list for PBXNativeTarget "iOSCesar" */ = {
			isa = XCConfigurationList;
			buildConfigurations = (
				5761AB9F2081637E00CF3551 /* Debug */,
				5761ABA02081637E00CF3551 /* Release */,
			);
			defaultConfigurationIsVisible = 0;
			defaultConfigurationName = Release;
		};
/* End XCConfigurationList section */
	};
	rootObject = 5761AB842081637E00CF3551 /* Project object */;
}
